
Microsoft Visual Studio Solution File, Format Version 12.00
# Visual Studio 15
VisualStudioVersion = 15.0.27428.2005
MinimumVisualStudioVersion = 10.0.40219.1
Project("{FAE04EC0-301F-11D3-BF4B-00C04F79EFBC}") = "RedisDemo", "RedisDemo\RedisDemo.csproj", "{BB7F0DDF-6090-4ABF-AE77-441D75BBC74A}"
EndProject
Global
	GlobalSection(SolutionConfigurationPlatforms) = preSolution
		Debug|Any CPU = Debug|Any CPU
		Release|Any CPU = Release|Any CPU
	EndGlobalSection
	GlobalSection(ProjectConfigurationPlatforms) = postSolution
		{BB7F0DDF-6090-4ABF-AE77-441D75BBC74A}.Debug|Any CPU.ActiveCfg = Debug|Any CPU
		{BB7F0DDF-6090-4ABF-AE77-441D75BBC74A}.Debug|Any CPU.Build.0 = Debug|Any CPU
		{BB7F0DDF-6090-4ABF-AE77-441D75BBC74A}.Release|Any CPU.ActiveCfg = Release|Any CPU
		{BB7F0DDF-6090-4ABF-AE77-441D75BBC74A}.Release|Any CPU.Build.0 = Release|Any CPU
	EndGlobalSection
	GlobalSection(SolutionProperties) = preSolution
		HideSolutionNode = FALSE
	EndGlobalSection
	GlobalSection(ExtensibilityGlobals) = postSolution
		SolutionGuid = {F2A13BFE-6257-4D1C-AA35-9455121B5D2B}
	EndGlobalSection
EndGlobal
